
Microsoft Visual Studio Solution File, Format Version 12.00
# Visual Studio Version 17
VisualStudioVersion = 17.13.35806.99 d17.13
MinimumVisualStudioVersion = 10.0.40219.1
Project("{FAE04EC0-301F-11D3-BF4B-00C04F79EFBC}") = "MovieAPI", "MovieAPI\MovieAPI.csproj", "{2E2938AC-8B89-43E4-872B-5DA0B9555E94}"
EndProject
Global
	GlobalSection(SolutionConfigurationPlatforms) = preSolution
		Debug|Any CPU = Debug|Any CPU
		Release|Any CPU = Release|Any CPU
	EndGlobalSection
	GlobalSection(ProjectConfigurationPlatforms) = postSolution
		{2E2938AC-8B89-43E4-872B-5DA0B9555E94}.Debug|Any CPU.ActiveCfg = Debug|Any CPU
		{2E2938AC-8B89-43E4-872B-5DA0B9555E94}.Debug|Any CPU.Build.0 = Debug|Any CPU
		{2E2938AC-8B89-43E4-872B-5DA0B9555E94}.Release|Any CPU.ActiveCfg = Release|Any CPU
		{2E2938AC-8B89-43E4-872B-5DA0B9555E94}.Release|Any CPU.Build.0 = Release|Any CPU
	EndGlobalSection
	GlobalSection(SolutionProperties) = preSolution
		HideSolutionNode = FALSE
	EndGlobalSection
	GlobalSection(ExtensibilityGlobals) = postSolution
		SolutionGuid = {D5FC0B30-3FA5-4D80-80B6-2C5625CD460A}
	EndGlobalSection
EndGlobal
